{"format_version":"1.0","provider_schemas":{"registry.terraform.io/pydantic/logfire":{"provider":{"version":0,"block":{"attributes":{"api_key":{"type":"string","description":"Bearer token. If omitted, the LOGFIRE_API_KEY environment variable is used.","description_kind":"markdown","optional":true,"sensitive":true},"base_url":{"type":"string","description":"Base URL for the Logfire API. If omitted, the provider uses LOGFIRE_BASE_URL or infers the SaaS endpoint from the api_key region. Self-hosted customers should set this explicitly.","description_kind":"markdown","optional":true}},"description":"Configure the Logfire API endpoint and credentials used by all resources.","description_kind":"markdown"}},"resource_schemas":{"logfire_alert":{"version":0,"block":{"attributes":{"active":{"type":"bool","description":"Whether the alert is active (defaults to true on creation).","description_kind":"markdown","optional":true,"computed":true},"channel_ids":{"type":["set","string"],"description":"Set of channel IDs to notify.","description_kind":"markdown","required":true},"description":{"type":"string","description":"Alert description.","description_kind":"markdown","optional":true},"frequency":{"type":"string","description":"Evaluation frequency as Go duration.","description_kind":"markdown","required":true},"id":{"type":"string","description":"Alert ID.","description_kind":"markdown","computed":true},"name":{"type":"string","description":"Alert name (unique per project).","description_kind":"markdown","required":true},"notify_when":{"type":"string","description":"Notification rule. Must match API enum.","description_kind":"markdown","required":true},"project_id":{"type":"string","description":"Project ID (UUID) used for alert API paths.","description_kind":"markdown","required":true},"query":{"type":"string","description":"SQL / query string used by the alert.","description_kind":"markdown","required":true},"time_window":{"type":"string","description":"Lookback window as Go duration.","description_kind":"markdown","required":true},"watermark":{"type":"string","description":"Provider-managed watermark (lateness tolerance) sent to the API.","description_kind":"markdown","computed":true}},"description":"Manages a Logfire alert.","description_kind":"markdown"}},"logfire_channel":{"version":0,"block":{"attributes":{"active":{"type":"bool","description":"Whether the channel is active.","description_kind":"markdown","optional":true,"computed":true},"id":{"type":"string","description":"Channel ID.","description_kind":"markdown","computed":true},"name":{"type":"string","description":"Channel name.","description_kind":"markdown","required":true}},"block_types":{"config":{"nesting_mode":"single","block":{"attributes":{"auth_key":{"type":"string","description":"Opsgenie API key.","description_kind":"markdown","optional":true,"sensitive":true},"format":{"type":"string","description":"Webhook payload format.","description_kind":"markdown","optional":true},"type":{"type":"string","description":"Channel type (`webhook` or `opsgenie`).","description_kind":"markdown","required":true},"url":{"type":"string","description":"Webhook URL endpoint.","description_kind":"markdown","optional":true}},"description":"Required channel configuration.","description_kind":"markdown"}}},"description":"Manages a Logfire alert channel.","description_kind":"markdown"}},"logfire_dashboard":{"version":0,"block":{"attributes":{"definition":{"type":"string","description":"Dashboard definition JSON payload.","description_kind":"markdown","required":true},"id":{"type":"string","description":"Dashboard UUID assigned by the backend.","description_kind":"markdown","computed":true},"name":{"type":"string","description":"Dashboard display name.","description_kind":"markdown","required":true},"project_id":{"type":"string","description":"Project UUID used for API paths.","description_kind":"markdown","required":true},"slug":{"type":"string","description":"Dashboard slug used in URLs.","description_kind":"markdown","required":true}},"description":"Manages a Logfire dashboard.","description_kind":"markdown"}},"logfire_organization":{"version":0,"block":{"attributes":{"ai_enabled":{"type":"bool","description":"Whether AI features are enabled.","description_kind":"markdown","computed":true},"avatar":{"type":"string","description":"Avatar URL.","description_kind":"markdown","optional":true,"computed":true},"billing_email":{"type":"string","description":"Billing contact email.","description_kind":"markdown","optional":true,"computed":true},"created_at":{"type":"string","description":"Timestamp when the organization was created.","description_kind":"markdown","computed":true},"deletion_protection":{"type":"bool","description":"Prevents accidental destroy when true (defaults to true). Set to false and apply before deleting this resource.","description_kind":"markdown","optional":true,"computed":true},"description":{"type":"string","description":"Organization description.","description_kind":"markdown","optional":true,"computed":true},"display_name":{"type":"string","description":"Display name shown in the UI.","description_kind":"markdown","optional":true,"computed":true},"gateway_enabled":{"type":"bool","description":"Whether gateway features are enabled.","description_kind":"markdown","computed":true},"github_handle":{"type":"string","description":"Organization GitHub handle.","description_kind":"markdown","optional":true,"computed":true},"has_admin_panel":{"type":"bool","description":"Whether the organization has access to the admin panel.","description_kind":"markdown","computed":true},"id":{"type":"string","description":"Organization UUID assigned by the backend.","description_kind":"markdown","computed":true},"location":{"type":"string","description":"Organization location.","description_kind":"markdown","optional":true,"computed":true},"name":{"type":"string","description":"Organization name/slug.","description_kind":"markdown","required":true},"updated_at":{"type":"string","description":"Timestamp when the organization was last updated.","description_kind":"markdown","computed":true}},"description":"Manages a Logfire organization. This resource is only available for self-hosted deployments and requires an API key with a special organization scope.","description_kind":"markdown"}},"logfire_project":{"version":0,"block":{"attributes":{"description":{"type":"string","description":"Project description.","description_kind":"markdown","optional":true},"id":{"type":"string","description":"Opaque backend project ID (not the slug).","description_kind":"markdown","computed":true},"name":{"type":"string","description":"Project name/slug. Must be unique within the organization.","description_kind":"markdown","required":true},"organization":{"type":"string","description":"Organization name. Computed from the API and cannot be set.","description_kind":"markdown","computed":true},"visibility":{"type":"string","description":"Project visibility (`public` or `private`).","description_kind":"markdown","optional":true,"computed":true}},"description":"Manages a Logfire project.","description_kind":"markdown"}},"logfire_read_token":{"version":0,"block":{"attributes":{"created_at":{"type":"string","description":"Timestamp when the token was created.","description_kind":"markdown","computed":true},"created_by_name":{"type":"string","description":"Display name of the user that created the token.","description_kind":"markdown","computed":true},"description":{"type":"string","description":"Description is fixed to \"Created by Public API\" for provider-managed tokens.","description_kind":"markdown","computed":true},"expires_at":{"type":"string","description":"Optional RFC3339 expiration timestamp for the token (for example `2026-12-31T23:59:59Z`). If omitted, the token does not expire.","description_kind":"markdown","optional":true},"id":{"type":"string","description":"Read token identifier.","description_kind":"markdown","computed":true},"project_id":{"type":"string","description":"UUID of the project that owns the token.","description_kind":"markdown","required":true},"project_name":{"type":"string","description":"Name of the project that owns the token.","description_kind":"markdown","computed":true},"token":{"type":"string","description":"The generated read token. Only returned on creation.","description_kind":"markdown","computed":true,"sensitive":true},"token_prefix":{"type":"string","description":"Prefix of the generated read token.","description_kind":"markdown","computed":true}},"description":"Manages a Logfire read token.","description_kind":"markdown"}},"logfire_write_token":{"version":0,"block":{"attributes":{"created_at":{"type":"string","description":"Timestamp when the token was created.","description_kind":"markdown","computed":true},"created_by_name":{"type":"string","description":"Display name of the user that created the token.","description_kind":"markdown","computed":true},"description":{"type":"string","description":"Description is fixed to \"Created by Public API\" for provider-managed tokens.","description_kind":"markdown","computed":true},"expires_at":{"type":"string","description":"Optional RFC3339 expiration timestamp for the token (for example `2026-12-31T23:59:59Z`). If omitted, the token does not expire.","description_kind":"markdown","optional":true},"id":{"type":"string","description":"Write token identifier.","description_kind":"markdown","computed":true},"project_id":{"type":"string","description":"UUID of the project that owns the token.","description_kind":"markdown","required":true},"project_name":{"type":"string","description":"Name of the project that owns the token.","description_kind":"markdown","computed":true},"token":{"type":"string","description":"The generated write token. Only returned on creation.","description_kind":"markdown","computed":true,"sensitive":true},"token_prefix":{"type":"string","description":"Prefix of the generated write token.","description_kind":"markdown","computed":true}},"description":"Manages a Logfire write token.","description_kind":"markdown"}}}}}}
